// !$*UTF8*$!
{
	archiveVersion = 1;
	classes = {
	};
	objectVersion = 46;
	objects = {

/* Begin PBXBuildFile section */
		818BFFAC1E54675E00CFEA24 /* AppDelegate.swift in Sources */ = {isa = PBXBuildFile; fileRef = 818BFFAB1E54675E00CFEA24 /* AppDelegate.swift */; };
		818BFFAE1E54675E00CFEA24 /* ViewController.swift in Sources */ = {isa = PBXBuildFile; fileRef = 818BFFAD1E54675E00CFEA24 /* ViewController.swift */; };
		818BFFB11E54675E00CFEA24 /* Main.storyboard in Resources */ = {isa = PBXBuildFile; fileRef = 818BFFAF1E54675E00CFEA24 /* Main.storyboard */; };
		818BFFB31E54675E00CFEA24 /* Assets.xcassets in Resources */ = {isa = PBXBuildFile; fileRef = 818BFFB21E54675E00CFEA24 /* Assets.xcassets */; };
		818BFFB61E54675E00CFEA24 /* LaunchScreen.storyboard in Resources */ = {isa = PBXBuildFile; fileRef = 818BFFB41E54675E00CFEA24 /* LaunchScreen.storyboard */; };
/* End PBXBuildFile section */

/* Begin PBXFileReference section */
		818BFFA81E54675E00CFEA24 /* Ultrasocial.app */ = {isa = PBXFileReference; explicitFileType = wrapper.application; includeInIndex = 0; path = Ultrasocial.app; sourceTree = BUILT_PRODUCTS_DIR; };
		818BFFAB1E54675E00CFEA24 /* AppDelegate.swift */ = {isa = PBXFileReference; lastKnownFileType = sourcecode.swift; path = AppDelegate.swift; sourceTree = "<group>"; };
		818BFFAD1E54675E00CFEA24 /* ViewController.swift */ = {isa = PBXFileReference; lastKnownFileType = sourcecode.swift; path = ViewController.swift; sourceTree = "<group>"; };
		818BFFB01E54675E00CFEA24 /* Base */ = {isa = PBXFileReference; lastKnownFileType = file.storyboard; name = Base; path = Base.lproj/Main.storyboard; sourceTree = "<group>"; };
		818BFFB21E54675E00CFEA24 /* Assets.xcassets */ = {isa = PBXFileReference; lastKnownFileType = folder.assetcatalog; path = Assets.xcassets; sourceTree = "<group>"; };
		818BFFB51E54675E00CFEA24 /* Base */ = {isa = PBXFileReference; lastKnownFileType = file.storyboard; name = Base; path = Base.lproj/LaunchScreen.storyboard; sourceTree = "<group>"; };
		818BFFB71E54675E00CFEA24 /* Info.plist */ = {isa = PBXFileReference; lastKnownFileType = text.plist.xml; path = Info.plist; sourceTree = "<group>"; };
/* End PBXFileReference section */

/* Begin PBXFrameworksBuildPhase section */
		818BFFA51E54675E00CFEA24 /* Frameworks */ = {
			isa = PBXFrameworksBuildPhase;
			buildActionMask = 2147483647;
			files = (
			);
			runOnlyForDeploymentPostprocessing = 0;
		};
/* End PBXFrameworksBuildPhase section */

/* Begin PBXGroup section */
		818BFF9F1E54675E00CFEA24 = {
			isa = PBXGroup;
			children = (
				818BFFAA1E54675E00CFEA24 /* Ultrasocial */,
				818BFFA91E54675E00CFEA24 /* Products */,
			);
			sourceTree = "<group>";
		};
		818BFFA91E54675E00CFEA24 /* Products */ = {
			isa = PBXGroup;
			children = (
				818BFFA81E54675E00CFEA24 /* Ultrasocial.app */,
			);
			name = Products;
			sourceTree = "<group>";
		};
		818BFFAA1E54675E00CFEA24 /* Ultrasocial */ = {
			isa = PBXGroup;
			children = (
				818BFFAB1E54675E00CFEA24 /* AppDelegate.swift */,
				818BFFAD1E54675E00CFEA24 /* ViewController.swift */,
				818BFFAF1E54675E00CFEA24 /* Main.storyboard */,
				818BFFB21E54675E00CFEA24 /* Assets.xcassets */,
				818BFFB41E54675E00CFEA24 /* LaunchScreen.storyboard */,
				818BFFB71E54675E00CFEA24 /* Info.plist */,
			);
			path = Ultrasocial;
			sourceTree = "<group>";
		};
/* End PBXGroup section */

/* Begin PBXNativeTarget section */
		818BFFA71E54675E00CFEA24 /* Ultrasocial */ = {
			isa = PBXNativeTarget;
			buildConfigurationList = 818BFFBA1E54675E00CFEA24 /* Build configuration list for PBXNativeTarget "Ultrasocial" */;
			buildPhases = (
				818BFFA41E54675E00CFEA24 /* Sources */,
				818BFFA51E54675E00CFEA24 /* Frameworks */,
				818BFFA61E54675E00CFEA24 /* Resources */,
			);
			buildRules = (
			);
			dependencies = (
			);
			name = Ultrasocial;
			productName = Ultrasocial;
			productReference = 818BFFA81E54675E00CFEA24 /* Ultrasocial.app */;
			productType = "com.apple.product-type.application";
		};
/* End PBXNativeTarget section */

/* Begin PBXProject section */
		818BFFA01E54675E00CFEA24 /* Project object */ = {
			isa = PBXProject;
			attributes = {
				LastSwiftUpdateCheck = 0820;
				LastUpgradeCheck = 0820;
				ORGANIZATIONNAME = Restructural;
				TargetAttributes = {
					818BFFA71E54675E00CFEA24 = {
						CreatedOnToolsVersion = 8.2.1;
						DevelopmentTeam = PEQG549YP4;
						ProvisioningStyle = Automatic;
					};
				};
			};
			buildConfigurationList = 818BFFA31E54675E00CFEA24 /* Build configuration list for PBXProject "Ultrasocial" */;
			compatibilityVersion = "Xcode 3.2";
			developmentRegion = English;
			hasScannedForEncodings = 0;
			knownRegions = (
				en,
				Base,
			);
			mainGroup = 818BFF9F1E54675E00CFEA24;
			productRefGroup = 818BFFA91E54675E00CFEA24 /* Products */;
			projectDirPath = "";
			projectRoot = "";
			targets = (
				818BFFA71E54675E00CFEA24 /* Ultrasocial */,
			);
		};
/* End PBXProject section */

/* Begin PBXResourcesBuildPhase section */
		818BFFA61E54675E00CFEA24 /* Resources */ = {
			isa = PBXResourcesBuildPhase;
			buildActionMask = 2147483647;
			files = (
				818BFFB61E54675E00CFEA24 /* LaunchScreen.storyboard in Resources */,
				818BFFB31E54675E00CFEA24 /* Assets.xcassets in Resources */,
				818BFFB11E54675E00CFEA24 /* Main.storyboard in Resources */,
			);
			runOnlyForDeploymentPostprocessing = 0;
		};
/* End PBXResourcesBuildPhase section */

/* Begin PBXSourcesBuildPhase section */
		818BFFA41E54675E00CFEA24 /* Sources */ = {
			isa = PBXSourcesBuildPhase;
			buildActionMask = 2147483647;
			files = (
				818BFFAE1E54675E00CFEA24 /* ViewController.swift in Sources */,
				818BFFAC1E54675E00CFEA24 /* AppDelegate.swift in Sources */,
			);
			runOnlyForDeploymentPostprocessing = 0;
		};
/* End PBXSourcesBuildPhase section */

/* Begin PBXVariantGroup section */
		818BFFAF1E54675E00CFEA24 /* Main.storyboard */ = {
			isa = PBXVariantGroup;
			children = (
				818BFFB01E54675E00CFEA24 /* Base */,
			);
			name = Main.storyboard;
			sourceTree = "<group>";
		};
		818BFFB41E54675E00CFEA24 /* LaunchScreen.storyboard */ = {
			isa = PBXVariantGroup;
			children = (
				818BFFB51E54675E00CFEA24 /* Base */,
			);
			name = LaunchScreen.storyboard;
			sourceTree = "<group>";
		};
/* End PBXVariantGroup section */

/* Begin XCBuildConfiguration section */
		818BFFB81E54675E00CFEA24 /* Debug */ = {
			isa = XCBuildConfiguration;
			buildSettings = {
				ALWAYS_SEARCH_USER_PATHS = NO;
				CLANG_ANALYZER_NONNULL = YES;
				CLANG_CXX_LANGUAGE_STANDARD = "gnu++0x";
				CLANG_CXX_LIBRARY = "libc++";
				CLANG_ENABLE_MODULES = YES;
				CLANG_ENABLE_OBJC_ARC = YES;
				CLANG_WARN_BOOL_CONVERSION = YES;
				CLANG_WARN_CONSTANT_CONVERSION = YES;
				CLANG_WARN_DIRECT_OBJC_ISA_USAGE = YES_ERROR;
				CLANG_WARN_DOCUMENTATION_COMMENTS = YES;
				CLANG_WARN_EMPTY_BODY = YES;
				CLANG_WARN_ENUM_CONVERSION = YES;
				CLANG_WARN_INFINITE_RECURSION = YES;
				CLANG_WARN_INT_CONVERSION = YES;
				CLANG_WARN_OBJC_ROOT_CLASS = YES_ERROR;
				CLANG_WARN_SUSPICIOUS_MOVE = YES;
				CLANG_WARN_UNREACHABLE_CODE = YES;
				CLANG_WARN__DUPLICATE_METHOD_MATCH = YES;
				"CODE_SIGN_IDENTITY[sdk=iphoneos*]" = "iPhone Developer";
				COPY_PHASE_STRIP = NO;
				DEBUG_INFORMATION_FORMAT = dwarf;
				ENABLE_STRICT_OBJC_MSGSEND = YES;
				ENABLE_TESTABILITY = YES;
				GCC_C_LANGUAGE_STANDARD = gnu99;
				GCC_DYNAMIC_NO_PIC = NO;
				GCC_NO_COMMON_BLOCKS = YES;
				GCC_OPTIMIZATION_LEVEL = 0;
				GCC_PREPROCESSOR_DEFINITIONS = (
					"DEBUG=1",
					"$(inherited)",
				);
				GCC_WARN_64_TO_32_BIT_CONVERSION = YES;
				GCC_WARN_ABOUT_RETURN_TYPE = YES_ERROR;
				GCC_WARN_UNDECLARED_SELECTOR = YES;
				GCC_WARN_UNINITIALIZED_AUTOS = YES_AGGRESSIVE;
				GCC_WARN_UNUSED_FUNCTION = YES;
				GCC_WARN_UNUSED_VARIABLE = YES;
				IPHONEOS_DEPLOYMENT_TARGET = 10.2;
				MTL_ENABLE_DEBUG_INFO = YES;
				ONLY_ACTIVE_ARCH = YES;
				SDKROOT = iphoneos;
				SWIFT_ACTIVE_COMPILATION_CONDITIONS = DEBUG;
				SWIFT_OPTIMIZATION_LEVEL = "-Onone";
				TARGETED_DEVICE_FAMILY = "1,2";
			};
			name = Debug;
		};
		818BFFB91E54675E00CFEA24 /* Release */ = {
			isa = XCBuildConfiguration;
			buildSettings = {
				ALWAYS_SEARCH_USER_PATHS = NO;
				CLANG_ANALYZER_NONNULL = YES;
				CLANG_CXX_LANGUAGE_STANDARD = "gnu++0x";
				CLANG_CXX_LIBRARY = "libc++";
				CLANG_ENABLE_MODULES = YES;
				CLANG_ENABLE_OBJC_ARC = YES;
				CLANG_WARN_BOOL_CONVERSION = YES;
				CLANG_WARN_CONSTANT_CONVERSION = YES;
				CLANG_WARN_DIRECT_OBJC_ISA_USAGE = YES_ERROR;
				CLANG_WARN_DOCUMENTATION_COMMENTS = YES;
				CLANG_WARN_EMPTY_BODY = YES;
				CLANG_WARN_ENUM_CONVERSION = YES;
				CLANG_WARN_INFINITE_RECURSION = YES;
				CLANG_WARN_INT_CONVERSION = YES;
				CLANG_WARN_OBJC_ROOT_CLASS = YES_ERROR;
				CLANG_WARN_SUSPICIOUS_MOVE = YES;
				CLANG_WARN_UNREACHABLE_CODE = YES;
				CLANG_WARN__DUPLICATE_METHOD_MATCH = YES;
				"CODE_SIGN_IDENTITY[sdk=iphoneos*]" = "iPhone Developer";
				COPY_PHASE_STRIP = NO;
				DEBUG_INFORMATION_FORMAT = "dwarf-with-dsym";
				ENABLE_NS_ASSERTIONS = NO;
				ENABLE_STRICT_OBJC_MSGSEND = YES;
				GCC_C_LANGUAGE_STANDARD = gnu99;
				GCC_NO_COMMON_BLOCKS = YES;
				GCC_WARN_64_TO_32_BIT_CONVERSION = YES;
				GCC_WARN_ABOUT_RETURN_TYPE = YES_ERROR;
				GCC_WARN_UNDECLARED_SELECTOR = YES;
				GCC_WARN_UNINITIALIZED_AUTOS = YES_AGGRESSIVE;
				GCC_WARN_UNUSED_FUNCTION = YES;
				GCC_WARN_UNUSED_VARIABLE = YES;
				IPHONEOS_DEPLOYMENT_TARGET = 10.2;
				MTL_ENABLE_DEBUG_INFO = NO;
				SDKROOT = iphoneos;
				SWIFT_OPTIMIZATION_LEVEL = "-Owholemodule";
				TARGETED_DEVICE_FAMILY = "1,2";
				VALIDATE_PRODUCT = YES;
			};
			name = Release;
		};
		818BFFBB1E54675E00CFEA24 /* Debug */ = {
			isa = XCBuildConfiguration;
			buildSettings = {
				ASSETCATALOG_COMPILER_APPICON_NAME = AppIcon;
				DEVELOPMENT_TEAM = PEQG549YP4;
				INFOPLIST_FILE = Ultrasocial/Info.plist;
				LD_RUNPATH_SEARCH_PATHS = "$(inherited) @executable_path/Frameworks";
				PRODUCT_BUNDLE_IDENTIFIER = Restructural.Ultrasocial;
				PRODUCT_NAME = "$(TARGET_NAME)";
				SWIFT_VERSION = 3.0;
			};
			name = Debug;
		};
		818BFFBC1E54675E00CFEA24 /* Release */ = {
			isa = XCBuildConfiguration;
			buildSettings = {
				ASSETCATALOG_COMPILER_APPICON_NAME = AppIcon;
				DEVELOPMENT_TEAM = PEQG549YP4;
				INFOPLIST_FILE = Ultrasocial/Info.plist;
				LD_RUNPATH_SEARCH_PATHS = "$(inherited) @executable_path/Frameworks";
				PRODUCT_BUNDLE_IDENTIFIER = Restructural.Ultrasocial;
				PRODUCT_NAME = "$(TARGET_NAME)";
				SWIFT_VERSION = 3.0;
			};
			name = Release;
		};
/* End XCBuildConfiguration section */

/* Begin XCConfigurationList section */
		818BFFA31E54675E00CFEA24 /* Build configuration list for PBXProject "Ultrasocial" */ = {
			isa = XCConfigurationList;
			buildConfigurations = (
				818BFFB81E54675E00CFEA24 /* Debug */,
				818BFFB91E54675E00CFEA24 /* Release */,
			);
			defaultConfigurationIsVisible = 0;
			defaultConfigurationName = Release;
		};
		818BFFBA1E54675E00CFEA24 /* Build configuration list for PBXNativeTarget "Ultrasocial" */ = {
			isa = XCConfigurationList;
			buildConfigurations = (
				818BFFBB1E54675E00CFEA24 /* Debug */,
				818BFFBC1E54675E00CFEA24 /* Release */,
			);
			defaultConfigurationIsVisible = 0;
		};
/* End XCConfigurationList section */
	};
	rootObject = 818BFFA01E54675E00CFEA24 /* Project object */;
}
